
Microsoft Visual Studio Solution File, Format Version 12.00
# Visual Studio Version 17
VisualStudioVersion = 17.12.35707.178
MinimumVisualStudioVersion = 10.0.40219.1
Project("{FAE04EC0-301F-11D3-BF4B-00C04F79EFBC}") = "AssemblyLab1", "AssemblyLab1\AssemblyLab1.csproj", "{F11156F9-9478-4D20-89CB-1C57F946A786}"
	ProjectSection(ProjectDependencies) = postProject
		{0F3017AB-837C-49D1-8A61-9D7AE218ECE7} = {0F3017AB-837C-49D1-8A61-9D7AE218ECE7}
		{19AA6EF5-7738-4473-880E-3E17EC850188} = {19AA6EF5-7738-4473-880E-3E17EC850188}
	EndProjectSection
EndProject
Project("{8BC9CEB8-8B4A-11D0-8D11-00A0C91BC942}") = "JA1", "JA1\JA1.vcxproj", "{0F3017AB-837C-49D1-8A61-9D7AE218ECE7}"
EndProject
Project("{FAE04EC0-301F-11D3-BF4B-00C04F79EFBC}") = "MedianFilterCsDLL", "MedianFilterCsDLL\MedianFilterCsDLL.csproj", "{274E8F7B-862A-4F20-A3B6-CC398BFF1C9E}"
EndProject
Project("{8BC9CEB8-8B4A-11D0-8D11-00A0C91BC942}") = "MedianFilterC++", "MedianFilterC++\MedianFilterC++.vcxproj", "{19AA6EF5-7738-4473-880E-3E17EC850188}"
EndProject
Global
	GlobalSection(SolutionConfigurationPlatforms) = preSolution
		Debug|Any CPU = Debug|Any CPU
		Debug|x64 = Debug|x64
		Debug|x86 = Debug|x86
		Release|Any CPU = Release|Any CPU
		Release|x64 = Release|x64
		Release|x86 = Release|x86
	EndGlobalSection
	GlobalSection(ProjectConfigurationPlatforms) = postSolution
		{F11156F9-9478-4D20-89CB-1C57F946A786}.Debug|Any CPU.ActiveCfg = Debug|Any CPU
		{F11156F9-9478-4D20-89CB-1C57F946A786}.Debug|Any CPU.Build.0 = Debug|Any CPU
		{F11156F9-9478-4D20-89CB-1C57F946A786}.Debug|x64.ActiveCfg = Debug|x64
		{F11156F9-9478-4D20-89CB-1C57F946A786}.Debug|x64.Build.0 = Debug|x64
		{F11156F9-9478-4D20-89CB-1C57F946A786}.Debug|x86.ActiveCfg = Debug|Any CPU
		{F11156F9-9478-4D20-89CB-1C57F946A786}.Debug|x86.Build.0 = Debug|Any CPU
		{F11156F9-9478-4D20-89CB-1C57F946A786}.Release|Any CPU.ActiveCfg = Release|Any CPU
		{F11156F9-9478-4D20-89CB-1C57F946A786}.Release|Any CPU.Build.0 = Release|Any CPU
		{F11156F9-9478-4D20-89CB-1C57F946A786}.Release|x64.ActiveCfg = Release|x64
		{F11156F9-9478-4D20-89CB-1C57F946A786}.Release|x64.Build.0 = Release|x64
		{F11156F9-9478-4D20-89CB-1C57F946A786}.Release|x86.ActiveCfg = Release|Any CPU
		{F11156F9-9478-4D20-89CB-1C57F946A786}.Release|x86.Build.0 = Release|Any CPU
		{0F3017AB-837C-49D1-8A61-9D7AE218ECE7}.Debug|Any CPU.ActiveCfg = Debug|x64
		{0F3017AB-837C-49D1-8A61-9D7AE218ECE7}.Debug|Any CPU.Build.0 = Debug|x64
		{0F3017AB-837C-49D1-8A61-9D7AE218ECE7}.Debug|x64.ActiveCfg = Debug|x64
		{0F3017AB-837C-49D1-8A61-9D7AE218ECE7}.Debug|x64.Build.0 = Debug|x64
		{0F3017AB-837C-49D1-8A61-9D7AE218ECE7}.Debug|x86.ActiveCfg = Debug|Win32
		{0F3017AB-837C-49D1-8A61-9D7AE218ECE7}.Debug|x86.Build.0 = Debug|Win32
		{0F3017AB-837C-49D1-8A61-9D7AE218ECE7}.Release|Any CPU.ActiveCfg = Release|x64
		{0F3017AB-837C-49D1-8A61-9D7AE218ECE7}.Release|Any CPU.Build.0 = Release|x64
		{0F3017AB-837C-49D1-8A61-9D7AE218ECE7}.Release|x64.ActiveCfg = Release|x64
		{0F3017AB-837C-49D1-8A61-9D7AE218ECE7}.Release|x64.Build.0 = Release|x64
		{0F3017AB-837C-49D1-8A61-9D7AE218ECE7}.Release|x86.ActiveCfg = Release|Win32
		{0F3017AB-837C-49D1-8A61-9D7AE218ECE7}.Release|x86.Build.0 = Release|Win32
		{274E8F7B-862A-4F20-A3B6-CC398BFF1C9E}.Debug|Any CPU.ActiveCfg = Debug|Any CPU
		{274E8F7B-862A-4F20-A3B6-CC398BFF1C9E}.Debug|Any CPU.Build.0 = Debug|Any CPU
		{274E8F7B-862A-4F20-A3B6-CC398BFF1C9E}.Debug|x64.ActiveCfg = Debug|Any CPU
		{274E8F7B-862A-4F20-A3B6-CC398BFF1C9E}.Debug|x64.Build.0 = Debug|Any CPU
		{274E8F7B-862A-4F20-A3B6-CC398BFF1C9E}.Debug|x86.ActiveCfg = Debug|Any CPU
		{274E8F7B-862A-4F20-A3B6-CC398BFF1C9E}.Debug|x86.Build.0 = Debug|Any CPU
		{274E8F7B-862A-4F20-A3B6-CC398BFF1C9E}.Release|Any CPU.ActiveCfg = Release|Any CPU
		{274E8F7B-862A-4F20-A3B6-CC398BFF1C9E}.Release|Any CPU.Build.0 = Release|Any CPU
		{274E8F7B-862A-4F20-A3B6-CC398BFF1C9E}.Release|x64.ActiveCfg = Release|Any CPU
		{274E8F7B-862A-4F20-A3B6-CC398BFF1C9E}.Release|x64.Build.0 = Release|Any CPU
		{274E8F7B-862A-4F20-A3B6-CC398BFF1C9E}.Release|x86.ActiveCfg = Release|Any CPU
		{274E8F7B-862A-4F20-A3B6-CC398BFF1C9E}.Release|x86.Build.0 = Release|Any CPU
		{19AA6EF5-7738-4473-880E-3E17EC850188}.Debug|Any CPU.ActiveCfg = Debug|x64
		{19AA6EF5-7738-4473-880E-3E17EC850188}.Debug|Any CPU.Build.0 = Debug|x64
		{19AA6EF5-7738-4473-880E-3E17EC850188}.Debug|x64.ActiveCfg = Debug|x64
		{19AA6EF5-7738-4473-880E-3E17EC850188}.Debug|x64.Build.0 = Debug|x64
		{19AA6EF5-7738-4473-880E-3E17EC850188}.Debug|x86.ActiveCfg = Debug|Win32
		{19AA6EF5-7738-4473-880E-3E17EC850188}.Debug|x86.Build.0 = Debug|Win32
		{19AA6EF5-7738-4473-880E-3E17EC850188}.Release|Any CPU.ActiveCfg = Release|x64
		{19AA6EF5-7738-4473-880E-3E17EC850188}.Release|Any CPU.Build.0 = Release|x64
		{19AA6EF5-7738-4473-880E-3E17EC850188}.Release|x64.ActiveCfg = Release|x64
		{19AA6EF5-7738-4473-880E-3E17EC850188}.Release|x64.Build.0 = Release|x64
		{19AA6EF5-7738-4473-880E-3E17EC850188}.Release|x86.ActiveCfg = Release|Win32
		{19AA6EF5-7738-4473-880E-3E17EC850188}.Release|x86.Build.0 = Release|Win32
	EndGlobalSection
	GlobalSection(SolutionProperties) = preSolution
		HideSolutionNode = FALSE
	EndGlobalSection
	GlobalSection(ExtensibilityGlobals) = postSolution
		SolutionGuid = {F288909E-2EF5-4F3C-9629-C9342FE9802C}
	EndGlobalSection
EndGlobal
